
Microsoft Visual Studio Solution File, Format Version 11.00
# Visual Studio 2010
Project("{8BC9CEB8-8B4A-11D0-8D11-00A0C91BC942}") = "getopt", "getopt.vcxproj", "{65165A50-1536-4FE8-8B35-96832627D6B7}"
	ProjectSection(ProjectDependencies) = postProject
		{F3A368E8-4704-4BD0-A70F-4A2C2C70A364} = {F3A368E8-4704-4BD0-A70F-4A2C2C70A364}
	EndProjectSection
EndProject
Project("{8BC9CEB8-8B4A-11D0-8D11-00A0C91BC942}") = "getoptLib", "getoptLib\getoptLib.vcxproj", "{F3A368E8-4704-4BD0-A70F-4A2C2C70A364}"
EndProject
Global
	GlobalSection(SolutionConfigurationPlatforms) = preSolution
		Debug|Win32 = Debug|Win32
		Release|Win32 = Release|Win32
	EndGlobalSection
	GlobalSection(ProjectConfigurationPlatforms) = postSolution
		{65165A50-1536-4FE8-8B35-96832627D6B7}.Debug|Win32.ActiveCfg = Debug|Win32
		{65165A50-1536-4FE8-8B35-96832627D6B7}.Debug|Win32.Build.0 = Debug|Win32
		{65165A50-1536-4FE8-8B35-96832627D6B7}.Release|Win32.ActiveCfg = Release|Win32
		{65165A50-1536-4FE8-8B35-96832627D6B7}.Release|Win32.Build.0 = Release|Win32
		{F3A368E8-4704-4BD0-A70F-4A2C2C70A364}.Debug|Win32.ActiveCfg = Debug|Win32
		{F3A368E8-4704-4BD0-A70F-4A2C2C70A364}.Debug|Win32.Build.0 = Debug|Win32
		{F3A368E8-4704-4BD0-A70F-4A2C2C70A364}.Release|Win32.ActiveCfg = Release|Win32
		{F3A368E8-4704-4BD0-A70F-4A2C2C70A364}.Release|Win32.Build.0 = Release|Win32
	EndGlobalSection
	GlobalSection(SolutionProperties) = preSolution
		HideSolutionNode = FALSE
	EndGlobalSection
EndGlobal
